
Microsoft Visual Studio Solution File, Format Version 12.00
# Visual Studio 15
VisualStudioVersion = 15.0.26730.15
MinimumVisualStudioVersion = 10.0.40219.1
Project("{FAE04EC0-301F-11D3-BF4B-00C04F79EFBC}") = "HubspotAPIDemo", "HubspotAPIDemo\HubspotAPIDemo.csproj", "{60ABA544-EBAD-4027-A2D4-FFC97870BA6B}"
EndProject
Global
	GlobalSection(SolutionConfigurationPlatforms) = preSolution
		Debug|Any CPU = Debug|Any CPU
		Release|Any CPU = Release|Any CPU
	EndGlobalSection
	GlobalSection(ProjectConfigurationPlatforms) = postSolution
		{60ABA544-EBAD-4027-A2D4-FFC97870BA6B}.Debug|Any CPU.ActiveCfg = Debug|Any CPU
		{60ABA544-EBAD-4027-A2D4-FFC97870BA6B}.Debug|Any CPU.Build.0 = Debug|Any CPU
		{60ABA544-EBAD-4027-A2D4-FFC97870BA6B}.Debug|Any CPU.Deploy.0 = Debug|Any CPU
		{60ABA544-EBAD-4027-A2D4-FFC97870BA6B}.Release|Any CPU.ActiveCfg = Release|Any CPU
		{60ABA544-EBAD-4027-A2D4-FFC97870BA6B}.Release|Any CPU.Build.0 = Release|Any CPU
		{60ABA544-EBAD-4027-A2D4-FFC97870BA6B}.Release|Any CPU.Deploy.0 = Release|Any CPU
	EndGlobalSection
	GlobalSection(SolutionProperties) = preSolution
		HideSolutionNode = FALSE
	EndGlobalSection
	GlobalSection(ExtensibilityGlobals) = postSolution
		SolutionGuid = {A62516A9-5227-45A3-B4EC-C707F7DF96BA}
	EndGlobalSection
EndGlobal
